
Microsoft Visual Studio Solution File, Format Version 12.00
# Visual Studio 15
VisualStudioVersion = 15.0.28010.2019
MinimumVisualStudioVersion = 10.0.40219.1
Project("{8BC9CEB8-8B4A-11D0-8D11-00A0C91BC942}") = "HWID Project", "HWID Project\HWID Project.vcxproj", "{E4AE1BBF-6277-43A5-A234-495A5BF35467}"
EndProject
Global
	GlobalSection(SolutionConfigurationPlatforms) = preSolution
		Debug|x64 = Debug|x64
		Debug|x86 = Debug|x86
		Release|x64 = Release|x64
		Release|x86 = Release|x86
	EndGlobalSection
	GlobalSection(ProjectConfigurationPlatforms) = postSolution
		{E4AE1BBF-6277-43A5-A234-495A5BF35467}.Debug|x64.ActiveCfg = Debug|x64
		{E4AE1BBF-6277-43A5-A234-495A5BF35467}.Debug|x64.Build.0 = Debug|x64
		{E4AE1BBF-6277-43A5-A234-495A5BF35467}.Debug|x86.ActiveCfg = Debug|Win32
		{E4AE1BBF-6277-43A5-A234-495A5BF35467}.Debug|x86.Build.0 = Debug|Win32
		{E4AE1BBF-6277-43A5-A234-495A5BF35467}.Release|x64.ActiveCfg = Release|x64
		{E4AE1BBF-6277-43A5-A234-495A5BF35467}.Release|x64.Build.0 = Release|x64
		{E4AE1BBF-6277-43A5-A234-495A5BF35467}.Release|x86.ActiveCfg = Release|Win32
		{E4AE1BBF-6277-43A5-A234-495A5BF35467}.Release|x86.Build.0 = Release|Win32
	EndGlobalSection
	GlobalSection(SolutionProperties) = preSolution
		HideSolutionNode = FALSE
	EndGlobalSection
	GlobalSection(ExtensibilityGlobals) = postSolution
		SolutionGuid = {2BC98B5C-4E2A-4D19-8C65-687ECF08E011}
	EndGlobalSection
EndGlobal
